
Microsoft Visual Studio Solution File, Format Version 12.00
# Visual Studio 15
VisualStudioVersion = 15.0.28010.2036
MinimumVisualStudioVersion = 10.0.40219.1
Project("{FAE04EC0-301F-11D3-BF4B-00C04F79EFBC}") = "ConfigurationWebApp", "ConfigurationWebApp\ConfigurationWebApp.csproj", "{73C3779F-881C-47EF-BDCD-B2F583B39110}"
EndProject
Project("{FAE04EC0-301F-11D3-BF4B-00C04F79EFBC}") = "ConfigurationWebApp.Business", "ConfigurationWebApp.Business\ConfigurationWebApp.Business.csproj", "{C3A0BF28-FF42-439D-92CD-BA86F1944E61}"
EndProject
Project("{FAE04EC0-301F-11D3-BF4B-00C04F79EFBC}") = "ConfigurationWebApp.Data", "ConfigurationWebApp.Data\ConfigurationWebApp.Data.csproj", "{9A9D4343-1072-44A3-9DD4-38C1EE9AE4C5}"
EndProject
Project("{FAE04EC0-301F-11D3-BF4B-00C04F79EFBC}") = "ConfigurationWebApp.Common", "ConfigurationWebApp.Common\ConfigurationWebApp.Common.csproj", "{A50F7949-B802-4F75-8AF5-83ECAC435BF2}"
EndProject
Global
	GlobalSection(SolutionConfigurationPlatforms) = preSolution
		Debug|Any CPU = Debug|Any CPU
		Release|Any CPU = Release|Any CPU
	EndGlobalSection
	GlobalSection(ProjectConfigurationPlatforms) = postSolution
		{73C3779F-881C-47EF-BDCD-B2F583B39110}.Debug|Any CPU.ActiveCfg = Debug|Any CPU
		{73C3779F-881C-47EF-BDCD-B2F583B39110}.Debug|Any CPU.Build.0 = Debug|Any CPU
		{73C3779F-881C-47EF-BDCD-B2F583B39110}.Release|Any CPU.ActiveCfg = Release|Any CPU
		{73C3779F-881C-47EF-BDCD-B2F583B39110}.Release|Any CPU.Build.0 = Release|Any CPU
		{C3A0BF28-FF42-439D-92CD-BA86F1944E61}.Debug|Any CPU.ActiveCfg = Debug|Any CPU
		{C3A0BF28-FF42-439D-92CD-BA86F1944E61}.Debug|Any CPU.Build.0 = Debug|Any CPU
		{C3A0BF28-FF42-439D-92CD-BA86F1944E61}.Release|Any CPU.ActiveCfg = Release|Any CPU
		{C3A0BF28-FF42-439D-92CD-BA86F1944E61}.Release|Any CPU.Build.0 = Release|Any CPU
		{9A9D4343-1072-44A3-9DD4-38C1EE9AE4C5}.Debug|Any CPU.ActiveCfg = Debug|Any CPU
		{9A9D4343-1072-44A3-9DD4-38C1EE9AE4C5}.Debug|Any CPU.Build.0 = Debug|Any CPU
		{9A9D4343-1072-44A3-9DD4-38C1EE9AE4C5}.Release|Any CPU.ActiveCfg = Release|Any CPU
		{9A9D4343-1072-44A3-9DD4-38C1EE9AE4C5}.Release|Any CPU.Build.0 = Release|Any CPU
		{A50F7949-B802-4F75-8AF5-83ECAC435BF2}.Debug|Any CPU.ActiveCfg = Debug|Any CPU
		{A50F7949-B802-4F75-8AF5-83ECAC435BF2}.Debug|Any CPU.Build.0 = Debug|Any CPU
		{A50F7949-B802-4F75-8AF5-83ECAC435BF2}.Release|Any CPU.ActiveCfg = Release|Any CPU
		{A50F7949-B802-4F75-8AF5-83ECAC435BF2}.Release|Any CPU.Build.0 = Release|Any CPU
	EndGlobalSection
	GlobalSection(SolutionProperties) = preSolution
		HideSolutionNode = FALSE
	EndGlobalSection
	GlobalSection(ExtensibilityGlobals) = postSolution
		SolutionGuid = {86468B67-3F42-4054-B3C7-0DC85301E0F6}
	EndGlobalSection
EndGlobal
